PODS:
  - Alamofire (5.0.0-rc.3)
  - SwiftyJSON (4.3.0)

DEPENDENCIES:
  - Alamofire (~> 5.0.0-rc.3)
  - SwiftyJSON (~> 4.0)

SPEC REPOS:
  trunk:
    - Alamofire
    - SwiftyJSON

SPEC CHECKSUMS:
  Alamofire: ca8c0de6906873be89d6deec5c8de279e00bf872
  SwiftyJSON: 6faa0040f8b59dead0ee07436cbf76b73c08fd08

PODFILE CHECKSUM: 1df2782e10fd3b067936f25890b4a9d7f1011412

COCOAPODS: 1.8.4
